
Microsoft Visual Studio Solution File, Format Version 12.00
# Visual Studio 2013
VisualStudioVersion = 12.0.31101.0
MinimumVisualStudioVersion = 10.0.40219.1
Project("{FAE04EC0-301F-11D3-BF4B-00C04F79EFBC}") = "Switcheroo2", "Switcheroo2.csproj", "{86F249AE-31EA-4071-B38A-9D5CECCF845E}"
EndProject
Global
	GlobalSection(SolutionConfigurationPlatforms) = preSolution
		Debug|Any CPU = Debug|Any CPU
		Release|Any CPU = Release|Any CPU
	EndGlobalSection
	GlobalSection(ProjectConfigurationPlatforms) = postSolution
		{86F249AE-31EA-4071-B38A-9D5CECCF845E}.Debug|Any CPU.ActiveCfg = Debug|Any CPU
		{86F249AE-31EA-4071-B38A-9D5CECCF845E}.Debug|Any CPU.Build.0 = Debug|Any CPU
		{86F249AE-31EA-4071-B38A-9D5CECCF845E}.Release|Any CPU.ActiveCfg = Release|Any CPU
		{86F249AE-31EA-4071-B38A-9D5CECCF845E}.Release|Any CPU.Build.0 = Release|Any CPU
	EndGlobalSection
	GlobalSection(SolutionProperties) = preSolution
		HideSolutionNode = FALSE
	EndGlobalSection
EndGlobal
